
Microsoft Visual Studio Solution File, Format Version 12.00
# Visual Studio Version 16
VisualStudioVersion = 16.0.30225.117
MinimumVisualStudioVersion = 10.0.40219.1
Project("{9A19103F-16F7-4668-BE54-9A1E7A4F7556}") = "ShoppingCart.Business", "ShoppingCart.Business\ShoppingCart.Business.csproj", "{8061423A-A118-4692-A914-B754EC7A4F83}"
EndProject
Project("{9A19103F-16F7-4668-BE54-9A1E7A4F7556}") = "ShoppingCart.Data", "ShoppingCart.Data\ShoppingCart.Data.csproj", "{D168E0F8-EC0B-4B4C-9DA6-AA8CB979F3CB}"
EndProject
Project("{9A19103F-16F7-4668-BE54-9A1E7A4F7556}") = "ShoppingCart.Common", "ShoppingCart.Common\ShoppingCart.Common.csproj", "{5F3BCFE2-0122-4729-85C9-24C0DC718C6F}"
EndProject
Project("{9A19103F-16F7-4668-BE54-9A1E7A4F7556}") = "ShoppingCart.API", "ShoppingCart.API\ShoppingCart.API.csproj", "{5637D80D-4791-4E6C-9FCF-F29CBAC4D933}"
EndProject
Global
	GlobalSection(SolutionConfigurationPlatforms) = preSolution
		Debug|Any CPU = Debug|Any CPU
		Release|Any CPU = Release|Any CPU
	EndGlobalSection
	GlobalSection(ProjectConfigurationPlatforms) = postSolution
		{8061423A-A118-4692-A914-B754EC7A4F83}.Debug|Any CPU.ActiveCfg = Debug|Any CPU
		{8061423A-A118-4692-A914-B754EC7A4F83}.Debug|Any CPU.Build.0 = Debug|Any CPU
		{8061423A-A118-4692-A914-B754EC7A4F83}.Release|Any CPU.ActiveCfg = Release|Any CPU
		{8061423A-A118-4692-A914-B754EC7A4F83}.Release|Any CPU.Build.0 = Release|Any CPU
		{D168E0F8-EC0B-4B4C-9DA6-AA8CB979F3CB}.Debug|Any CPU.ActiveCfg = Debug|Any CPU
		{D168E0F8-EC0B-4B4C-9DA6-AA8CB979F3CB}.Debug|Any CPU.Build.0 = Debug|Any CPU
		{D168E0F8-EC0B-4B4C-9DA6-AA8CB979F3CB}.Release|Any CPU.ActiveCfg = Release|Any CPU
		{D168E0F8-EC0B-4B4C-9DA6-AA8CB979F3CB}.Release|Any CPU.Build.0 = Release|Any CPU
		{5F3BCFE2-0122-4729-85C9-24C0DC718C6F}.Debug|Any CPU.ActiveCfg = Debug|Any CPU
		{5F3BCFE2-0122-4729-85C9-24C0DC718C6F}.Debug|Any CPU.Build.0 = Debug|Any CPU
		{5F3BCFE2-0122-4729-85C9-24C0DC718C6F}.Release|Any CPU.ActiveCfg = Release|Any CPU
		{5F3BCFE2-0122-4729-85C9-24C0DC718C6F}.Release|Any CPU.Build.0 = Release|Any CPU
		{5637D80D-4791-4E6C-9FCF-F29CBAC4D933}.Debug|Any CPU.ActiveCfg = Debug|Any CPU
		{5637D80D-4791-4E6C-9FCF-F29CBAC4D933}.Debug|Any CPU.Build.0 = Debug|Any CPU
		{5637D80D-4791-4E6C-9FCF-F29CBAC4D933}.Release|Any CPU.ActiveCfg = Release|Any CPU
		{5637D80D-4791-4E6C-9FCF-F29CBAC4D933}.Release|Any CPU.Build.0 = Release|Any CPU
	EndGlobalSection
	GlobalSection(SolutionProperties) = preSolution
		HideSolutionNode = FALSE
	EndGlobalSection
	GlobalSection(ExtensibilityGlobals) = postSolution
		SolutionGuid = {A6177A92-2118-4710-9133-0C9D4119C95D}
	EndGlobalSection
EndGlobal
